
Microsoft Visual Studio Solution File, Format Version 12.00
# Visual Studio Version 16
VisualStudioVersion = 16.0.31205.134
MinimumVisualStudioVersion = 10.0.40219.1
Project("{9A19103F-16F7-4668-BE54-9A1E7A4F7556}") = "WebShop.Core", "WebShop.Core\WebShop.Core.csproj", "{711F90BF-A514-49A8-B2EC-F385B4541D78}"
EndProject
Project("{9A19103F-16F7-4668-BE54-9A1E7A4F7556}") = "WebShop.Api", "WebShop.Api\WebShop.Api.csproj", "{295940C0-AD97-43BE-9640-277D18557127}"
EndProject
Project("{9A19103F-16F7-4668-BE54-9A1E7A4F7556}") = "PSP.Api", "PSP.Api\PSP.Api.csproj", "{EA6C8C6D-74DD-4E1A-AA98-7159BE792D94}"
EndProject
Project("{9A19103F-16F7-4668-BE54-9A1E7A4F7556}") = "PSP.Core", "PSP.Core\PSP.Core.csproj", "{2D4ABBB9-9BCF-42E5-B7C4-548110BBED7E}"
EndProject
Project("{2150E333-8FDC-42A3-9474-1A3956D46DE8}") = "PSP", "PSP", "{598CC095-FBB8-4D4B-AA81-C206E2AC5620}"
EndProject
Project("{2150E333-8FDC-42A3-9474-1A3956D46DE8}") = "WebShop", "WebShop", "{DA31CA19-8FA0-42C4-A734-CA0C2508F07E}"
EndProject
Project("{2150E333-8FDC-42A3-9474-1A3956D46DE8}") = "PSPMicroservice", "PSPMicroservice", "{CC461256-2FE2-4821-B4EE-4E773A242C3F}"
EndProject
Project("{9A19103F-16F7-4668-BE54-9A1E7A4F7556}") = "ApiGateway", "ApiGateway\ApiGateway.csproj", "{5D180D17-915C-49B2-ACF2-C99204DD4153}"
EndProject
Project("{2150E333-8FDC-42A3-9474-1A3956D46DE8}") = "CardPaymentMicroservice", "CardPaymentMicroservice", "{719B8A6B-58E8-4506-ABB4-B16AC6F7B713}"
EndProject
Project("{9A19103F-16F7-4668-BE54-9A1E7A4F7556}") = "CardPayment.Api", "CardPayment.Api\CardPayment.Api.csproj", "{30C7FEB3-BCAF-4E0B-805B-1451CA26712A}"
EndProject
Project("{9A19103F-16F7-4668-BE54-9A1E7A4F7556}") = "CardPayment.Core", "CardPayment.Core\CardPayment.Core.csproj", "{F5F302DE-7C6C-4F80-8934-FAA72E8D5ABE}"
EndProject
Project("{2150E333-8FDC-42A3-9474-1A3956D46DE8}") = "Bank", "Bank", "{19FD4E80-DC12-4DAE-AC94-DE004FF74B8A}"
EndProject
Project("{9A19103F-16F7-4668-BE54-9A1E7A4F7556}") = "Bank.Api", "Bank.Api\Bank.Api.csproj", "{1B442DD5-B8B9-4531-88CB-2ED491D4D2A1}"
EndProject
Project("{9A19103F-16F7-4668-BE54-9A1E7A4F7556}") = "Bank.Core", "Bank.Core\Bank.Core.csproj", "{9F09FAB1-C1F0-41AB-AE9E-1969E5D07C9E}"
EndProject
Project("{9A19103F-16F7-4668-BE54-9A1E7A4F7556}") = "WebShop.DataAccess", "WebShop.DataAccess\WebShop.DataAccess.csproj", "{3795BE19-39DE-475A-AC8F-42C65F138166}"
EndProject
Project("{9A19103F-16F7-4668-BE54-9A1E7A4F7556}") = "PSP.DataAccess", "PSP.DataAccess\PSP.DataAccess.csproj", "{C6AB7587-C628-4A25-9BE6-025ABD5BDB4E}"
EndProject
Project("{FAE04EC0-301F-11D3-BF4B-00C04F79EFBC}") = "CardPayment.DataAccess", "CardPayment.DataAccess\CardPayment.DataAccess.csproj", "{688798B3-A2F3-4A5A-AF57-C8CC7F82DB0C}"
EndProject
Global
	GlobalSection(SolutionConfigurationPlatforms) = preSolution
		Debug|Any CPU = Debug|Any CPU
		Release|Any CPU = Release|Any CPU
	EndGlobalSection
	GlobalSection(ProjectConfigurationPlatforms) = postSolution
		{711F90BF-A514-49A8-B2EC-F385B4541D78}.Debug|Any CPU.ActiveCfg = Debug|Any CPU
		{711F90BF-A514-49A8-B2EC-F385B4541D78}.Debug|Any CPU.Build.0 = Debug|Any CPU
		{711F90BF-A514-49A8-B2EC-F385B4541D78}.Release|Any CPU.ActiveCfg = Release|Any CPU
		{711F90BF-A514-49A8-B2EC-F385B4541D78}.Release|Any CPU.Build.0 = Release|Any CPU
		{295940C0-AD97-43BE-9640-277D18557127}.Debug|Any CPU.ActiveCfg = Debug|Any CPU
		{295940C0-AD97-43BE-9640-277D18557127}.Debug|Any CPU.Build.0 = Debug|Any CPU
		{295940C0-AD97-43BE-9640-277D18557127}.Release|Any CPU.ActiveCfg = Release|Any CPU
		{295940C0-AD97-43BE-9640-277D18557127}.Release|Any CPU.Build.0 = Release|Any CPU
		{EA6C8C6D-74DD-4E1A-AA98-7159BE792D94}.Debug|Any CPU.ActiveCfg = Debug|Any CPU
		{EA6C8C6D-74DD-4E1A-AA98-7159BE792D94}.Debug|Any CPU.Build.0 = Debug|Any CPU
		{EA6C8C6D-74DD-4E1A-AA98-7159BE792D94}.Release|Any CPU.ActiveCfg = Release|Any CPU
		{EA6C8C6D-74DD-4E1A-AA98-7159BE792D94}.Release|Any CPU.Build.0 = Release|Any CPU
		{2D4ABBB9-9BCF-42E5-B7C4-548110BBED7E}.Debug|Any CPU.ActiveCfg = Debug|Any CPU
		{2D4ABBB9-9BCF-42E5-B7C4-548110BBED7E}.Debug|Any CPU.Build.0 = Debug|Any CPU
		{2D4ABBB9-9BCF-42E5-B7C4-548110BBED7E}.Release|Any CPU.ActiveCfg = Release|Any CPU
		{2D4ABBB9-9BCF-42E5-B7C4-548110BBED7E}.Release|Any CPU.Build.0 = Release|Any CPU
		{5D180D17-915C-49B2-ACF2-C99204DD4153}.Debug|Any CPU.ActiveCfg = Debug|Any CPU
		{5D180D17-915C-49B2-ACF2-C99204DD4153}.Debug|Any CPU.Build.0 = Debug|Any CPU
		{5D180D17-915C-49B2-ACF2-C99204DD4153}.Release|Any CPU.ActiveCfg = Release|Any CPU
		{5D180D17-915C-49B2-ACF2-C99204DD4153}.Release|Any CPU.Build.0 = Release|Any CPU
		{30C7FEB3-BCAF-4E0B-805B-1451CA26712A}.Debug|Any CPU.ActiveCfg = Debug|Any CPU
		{30C7FEB3-BCAF-4E0B-805B-1451CA26712A}.Debug|Any CPU.Build.0 = Debug|Any CPU
		{30C7FEB3-BCAF-4E0B-805B-1451CA26712A}.Release|Any CPU.ActiveCfg = Release|Any CPU
		{30C7FEB3-BCAF-4E0B-805B-1451CA26712A}.Release|Any CPU.Build.0 = Release|Any CPU
		{F5F302DE-7C6C-4F80-8934-FAA72E8D5ABE}.Debug|Any CPU.ActiveCfg = Debug|Any CPU
		{F5F302DE-7C6C-4F80-8934-FAA72E8D5ABE}.Debug|Any CPU.Build.0 = Debug|Any CPU
		{F5F302DE-7C6C-4F80-8934-FAA72E8D5ABE}.Release|Any CPU.ActiveCfg = Release|Any CPU
		{F5F302DE-7C6C-4F80-8934-FAA72E8D5ABE}.Release|Any CPU.Build.0 = Release|Any CPU
		{1B442DD5-B8B9-4531-88CB-2ED491D4D2A1}.Debug|Any CPU.ActiveCfg = Debug|Any CPU
		{1B442DD5-B8B9-4531-88CB-2ED491D4D2A1}.Debug|Any CPU.Build.0 = Debug|Any CPU
		{1B442DD5-B8B9-4531-88CB-2ED491D4D2A1}.Release|Any CPU.ActiveCfg = Release|Any CPU
		{1B442DD5-B8B9-4531-88CB-2ED491D4D2A1}.Release|Any CPU.Build.0 = Release|Any CPU
		{9F09FAB1-C1F0-41AB-AE9E-1969E5D07C9E}.Debug|Any CPU.ActiveCfg = Debug|Any CPU
		{9F09FAB1-C1F0-41AB-AE9E-1969E5D07C9E}.Debug|Any CPU.Build.0 = Debug|Any CPU
		{9F09FAB1-C1F0-41AB-AE9E-1969E5D07C9E}.Release|Any CPU.ActiveCfg = Release|Any CPU
		{9F09FAB1-C1F0-41AB-AE9E-1969E5D07C9E}.Release|Any CPU.Build.0 = Release|Any CPU
		{3795BE19-39DE-475A-AC8F-42C65F138166}.Debug|Any CPU.ActiveCfg = Debug|Any CPU
		{3795BE19-39DE-475A-AC8F-42C65F138166}.Debug|Any CPU.Build.0 = Debug|Any CPU
		{3795BE19-39DE-475A-AC8F-42C65F138166}.Release|Any CPU.ActiveCfg = Release|Any CPU
		{3795BE19-39DE-475A-AC8F-42C65F138166}.Release|Any CPU.Build.0 = Release|Any CPU
		{C6AB7587-C628-4A25-9BE6-025ABD5BDB4E}.Debug|Any CPU.ActiveCfg = Debug|Any CPU
		{C6AB7587-C628-4A25-9BE6-025ABD5BDB4E}.Debug|Any CPU.Build.0 = Debug|Any CPU
		{C6AB7587-C628-4A25-9BE6-025ABD5BDB4E}.Release|Any CPU.ActiveCfg = Release|Any CPU
		{C6AB7587-C628-4A25-9BE6-025ABD5BDB4E}.Release|Any CPU.Build.0 = Release|Any CPU
		{688798B3-A2F3-4A5A-AF57-C8CC7F82DB0C}.Debug|Any CPU.ActiveCfg = Debug|Any CPU
		{688798B3-A2F3-4A5A-AF57-C8CC7F82DB0C}.Debug|Any CPU.Build.0 = Debug|Any CPU
		{688798B3-A2F3-4A5A-AF57-C8CC7F82DB0C}.Release|Any CPU.ActiveCfg = Release|Any CPU
		{688798B3-A2F3-4A5A-AF57-C8CC7F82DB0C}.Release|Any CPU.Build.0 = Release|Any CPU
	EndGlobalSection
	GlobalSection(SolutionProperties) = preSolution
		HideSolutionNode = FALSE
	EndGlobalSection
	GlobalSection(NestedProjects) = preSolution
		{711F90BF-A514-49A8-B2EC-F385B4541D78} = {DA31CA19-8FA0-42C4-A734-CA0C2508F07E}
		{295940C0-AD97-43BE-9640-277D18557127} = {DA31CA19-8FA0-42C4-A734-CA0C2508F07E}
		{EA6C8C6D-74DD-4E1A-AA98-7159BE792D94} = {CC461256-2FE2-4821-B4EE-4E773A242C3F}
		{2D4ABBB9-9BCF-42E5-B7C4-548110BBED7E} = {CC461256-2FE2-4821-B4EE-4E773A242C3F}
		{CC461256-2FE2-4821-B4EE-4E773A242C3F} = {598CC095-FBB8-4D4B-AA81-C206E2AC5620}
		{5D180D17-915C-49B2-ACF2-C99204DD4153} = {598CC095-FBB8-4D4B-AA81-C206E2AC5620}
		{719B8A6B-58E8-4506-ABB4-B16AC6F7B713} = {598CC095-FBB8-4D4B-AA81-C206E2AC5620}
		{30C7FEB3-BCAF-4E0B-805B-1451CA26712A} = {719B8A6B-58E8-4506-ABB4-B16AC6F7B713}
		{F5F302DE-7C6C-4F80-8934-FAA72E8D5ABE} = {719B8A6B-58E8-4506-ABB4-B16AC6F7B713}
		{1B442DD5-B8B9-4531-88CB-2ED491D4D2A1} = {19FD4E80-DC12-4DAE-AC94-DE004FF74B8A}
		{9F09FAB1-C1F0-41AB-AE9E-1969E5D07C9E} = {19FD4E80-DC12-4DAE-AC94-DE004FF74B8A}
		{3795BE19-39DE-475A-AC8F-42C65F138166} = {DA31CA19-8FA0-42C4-A734-CA0C2508F07E}
		{C6AB7587-C628-4A25-9BE6-025ABD5BDB4E} = {CC461256-2FE2-4821-B4EE-4E773A242C3F}
		{688798B3-A2F3-4A5A-AF57-C8CC7F82DB0C} = {719B8A6B-58E8-4506-ABB4-B16AC6F7B713}
	EndGlobalSection
	GlobalSection(ExtensibilityGlobals) = postSolution
		SolutionGuid = {7C9A3119-0543-4701-BF09-207FE40CA167}
	EndGlobalSection
EndGlobal
